
Microsoft Visual Studio Solution File, Format Version 12.00
# Visual Studio 15
VisualStudioVersion = 15.0.28307.168
MinimumVisualStudioVersion = 10.0.40219.1
Project("{9A19103F-16F7-4668-BE54-9A1E7A4F7556}") = "CoffeeShops", "CoffeeShops\CoffeeShops.csproj", "{CFC15A15-43E0-4C54-8652-35411296223C}"
EndProject
Project("{2150E333-8FDC-42A3-9474-1A3956D46DE8}") = "Services", "Services", "{5A033F0B-0D10-4C97-A265-5210821314AF}"
EndProject
Project("{2150E333-8FDC-42A3-9474-1A3956D46DE8}") = "Clients.Api", "Clients.Api", "{5D47EBA5-8307-433E-B9FA-600EFEE30DBF}"
EndProject
Project("{2150E333-8FDC-42A3-9474-1A3956D46DE8}") = "Shops.API", "Shops.API", "{89E58503-D22E-43CD-988F-0D4011A0FC23}"
EndProject
Project("{2150E333-8FDC-42A3-9474-1A3956D46DE8}") = "Orders.API", "Orders.API", "{1E028237-A36C-4E20-9E3A-87EDFFFDD463}"
EndProject
Project("{9A19103F-16F7-4668-BE54-9A1E7A4F7556}") = "CoffeeShops.Users.Tests", "CoffeeShops.Users.Tests\CoffeeShops.Users.Tests.csproj", "{B9E3F1B9-E176-491D-BFA1-10112C73C2F4}"
EndProject
Project("{9A19103F-16F7-4668-BE54-9A1E7A4F7556}") = "CoffeeShops.Shops.API", "CoffeeShops.Shops.API\CoffeeShops.Shops.API.csproj", "{C8D63934-04EA-4C8E-851C-E87CF02E9454}"
EndProject
Project("{9A19103F-16F7-4668-BE54-9A1E7A4F7556}") = "CoffeeShops.Users.API", "CoffeeShops.Users.API\CoffeeShops.Users.API.csproj", "{09F0449A-65A1-4C29-BF69-647572C40DBC}"
EndProject
Project("{9A19103F-16F7-4668-BE54-9A1E7A4F7556}") = "CoffeeShops.Shops.Tests", "CoffeeShops.Shops.Tests\CoffeeShops.Shops.Tests.csproj", "{B6094192-89A5-4DFB-83C0-B0FB93BF5485}"
EndProject
Project("{9A19103F-16F7-4668-BE54-9A1E7A4F7556}") = "CoffeeShops.Orders.API", "CoffeeShops.Orders.API\CoffeeShops.Orders.API.csproj", "{5715617C-4294-4C75-AFE5-FC933BD26435}"
EndProject
Project("{9A19103F-16F7-4668-BE54-9A1E7A4F7556}") = "CoffeeShops.Orders.Tests", "CoffeeShops.Orders.Tests\CoffeeShops.Orders.Tests.csproj", "{0928BC02-3606-4C06-8744-976C05DE720D}"
EndProject
Project("{9A19103F-16F7-4668-BE54-9A1E7A4F7556}") = "CoffeeShops.Abstract", "CoffeeShops.Abstract\CoffeeShops.Abstract.csproj", "{0A0AC5A4-97F7-4D0F-BC18-1AF08E9BCB11}"
EndProject
Project("{9A19103F-16F7-4668-BE54-9A1E7A4F7556}") = "CoffeeShops.Common", "CoffeeShops.Common\CoffeeShops.Common.csproj", "{6BA730B6-E57E-4FD3-A506-9F654C0F8915}"
EndProject
Project("{2150E333-8FDC-42A3-9474-1A3956D46DE8}") = "ApiGw", "ApiGw", "{74031A4C-3C55-4111-9232-0A9430A1C1F9}"
EndProject
Project("{2150E333-8FDC-42A3-9474-1A3956D46DE8}") = "Common", "Common", "{1AA51D77-1FE9-4F02-8562-A00ADCFF047B}"
EndProject
Project("{2150E333-8FDC-42A3-9474-1A3956D46DE8}") = "Session.API", "Session.API", "{B515ED92-CB55-45A4-81F7-64421A1A52BD}"
EndProject
Project("{9A19103F-16F7-4668-BE54-9A1E7A4F7556}") = "CoffeeShops.Session.API", "CoffeeShops.Session.API\CoffeeShops.Session.API.csproj", "{96E5C246-CA33-442E-82FD-BFCF141E1239}"
EndProject
Project("{FAE04EC0-301F-11D3-BF4B-00C04F79EFBC}") = "CoffeeShops.Tests", "CoffeeShops.Tests\CoffeeShops.Tests.csproj", "{7AFD7D55-8CDB-452A-A26E-B8535AFACE86}"
EndProject
Global
	GlobalSection(SolutionConfigurationPlatforms) = preSolution
		Debug|Any CPU = Debug|Any CPU
		Release|Any CPU = Release|Any CPU
	EndGlobalSection
	GlobalSection(ProjectConfigurationPlatforms) = postSolution
		{CFC15A15-43E0-4C54-8652-35411296223C}.Debug|Any CPU.ActiveCfg = Debug|Any CPU
		{CFC15A15-43E0-4C54-8652-35411296223C}.Debug|Any CPU.Build.0 = Debug|Any CPU
		{CFC15A15-43E0-4C54-8652-35411296223C}.Release|Any CPU.ActiveCfg = Release|Any CPU
		{CFC15A15-43E0-4C54-8652-35411296223C}.Release|Any CPU.Build.0 = Release|Any CPU
		{B9E3F1B9-E176-491D-BFA1-10112C73C2F4}.Debug|Any CPU.ActiveCfg = Debug|Any CPU
		{B9E3F1B9-E176-491D-BFA1-10112C73C2F4}.Debug|Any CPU.Build.0 = Debug|Any CPU
		{B9E3F1B9-E176-491D-BFA1-10112C73C2F4}.Release|Any CPU.ActiveCfg = Release|Any CPU
		{B9E3F1B9-E176-491D-BFA1-10112C73C2F4}.Release|Any CPU.Build.0 = Release|Any CPU
		{C8D63934-04EA-4C8E-851C-E87CF02E9454}.Debug|Any CPU.ActiveCfg = Debug|Any CPU
		{C8D63934-04EA-4C8E-851C-E87CF02E9454}.Debug|Any CPU.Build.0 = Debug|Any CPU
		{C8D63934-04EA-4C8E-851C-E87CF02E9454}.Release|Any CPU.ActiveCfg = Release|Any CPU
		{C8D63934-04EA-4C8E-851C-E87CF02E9454}.Release|Any CPU.Build.0 = Release|Any CPU
		{09F0449A-65A1-4C29-BF69-647572C40DBC}.Debug|Any CPU.ActiveCfg = Debug|Any CPU
		{09F0449A-65A1-4C29-BF69-647572C40DBC}.Debug|Any CPU.Build.0 = Debug|Any CPU
		{09F0449A-65A1-4C29-BF69-647572C40DBC}.Release|Any CPU.ActiveCfg = Release|Any CPU
		{09F0449A-65A1-4C29-BF69-647572C40DBC}.Release|Any CPU.Build.0 = Release|Any CPU
		{B6094192-89A5-4DFB-83C0-B0FB93BF5485}.Debug|Any CPU.ActiveCfg = Debug|Any CPU
		{B6094192-89A5-4DFB-83C0-B0FB93BF5485}.Debug|Any CPU.Build.0 = Debug|Any CPU
		{B6094192-89A5-4DFB-83C0-B0FB93BF5485}.Release|Any CPU.ActiveCfg = Release|Any CPU
		{B6094192-89A5-4DFB-83C0-B0FB93BF5485}.Release|Any CPU.Build.0 = Release|Any CPU
		{5715617C-4294-4C75-AFE5-FC933BD26435}.Debug|Any CPU.ActiveCfg = Debug|Any CPU
		{5715617C-4294-4C75-AFE5-FC933BD26435}.Debug|Any CPU.Build.0 = Debug|Any CPU
		{5715617C-4294-4C75-AFE5-FC933BD26435}.Release|Any CPU.ActiveCfg = Release|Any CPU
		{5715617C-4294-4C75-AFE5-FC933BD26435}.Release|Any CPU.Build.0 = Release|Any CPU
		{0928BC02-3606-4C06-8744-976C05DE720D}.Debug|Any CPU.ActiveCfg = Debug|Any CPU
		{0928BC02-3606-4C06-8744-976C05DE720D}.Debug|Any CPU.Build.0 = Debug|Any CPU
		{0928BC02-3606-4C06-8744-976C05DE720D}.Release|Any CPU.ActiveCfg = Release|Any CPU
		{0928BC02-3606-4C06-8744-976C05DE720D}.Release|Any CPU.Build.0 = Release|Any CPU
		{0A0AC5A4-97F7-4D0F-BC18-1AF08E9BCB11}.Debug|Any CPU.ActiveCfg = Debug|Any CPU
		{0A0AC5A4-97F7-4D0F-BC18-1AF08E9BCB11}.Debug|Any CPU.Build.0 = Debug|Any CPU
		{0A0AC5A4-97F7-4D0F-BC18-1AF08E9BCB11}.Release|Any CPU.ActiveCfg = Release|Any CPU
		{0A0AC5A4-97F7-4D0F-BC18-1AF08E9BCB11}.Release|Any CPU.Build.0 = Release|Any CPU
		{6BA730B6-E57E-4FD3-A506-9F654C0F8915}.Debug|Any CPU.ActiveCfg = Debug|Any CPU
		{6BA730B6-E57E-4FD3-A506-9F654C0F8915}.Debug|Any CPU.Build.0 = Debug|Any CPU
		{6BA730B6-E57E-4FD3-A506-9F654C0F8915}.Release|Any CPU.ActiveCfg = Release|Any CPU
		{6BA730B6-E57E-4FD3-A506-9F654C0F8915}.Release|Any CPU.Build.0 = Release|Any CPU
		{96E5C246-CA33-442E-82FD-BFCF141E1239}.Debug|Any CPU.ActiveCfg = Debug|Any CPU
		{96E5C246-CA33-442E-82FD-BFCF141E1239}.Debug|Any CPU.Build.0 = Debug|Any CPU
		{96E5C246-CA33-442E-82FD-BFCF141E1239}.Release|Any CPU.ActiveCfg = Release|Any CPU
		{96E5C246-CA33-442E-82FD-BFCF141E1239}.Release|Any CPU.Build.0 = Release|Any CPU
		{7AFD7D55-8CDB-452A-A26E-B8535AFACE86}.Debug|Any CPU.ActiveCfg = Debug|Any CPU
		{7AFD7D55-8CDB-452A-A26E-B8535AFACE86}.Debug|Any CPU.Build.0 = Debug|Any CPU
		{7AFD7D55-8CDB-452A-A26E-B8535AFACE86}.Release|Any CPU.ActiveCfg = Release|Any CPU
		{7AFD7D55-8CDB-452A-A26E-B8535AFACE86}.Release|Any CPU.Build.0 = Release|Any CPU
	EndGlobalSection
	GlobalSection(SolutionProperties) = preSolution
		HideSolutionNode = FALSE
	EndGlobalSection
	GlobalSection(NestedProjects) = preSolution
		{CFC15A15-43E0-4C54-8652-35411296223C} = {74031A4C-3C55-4111-9232-0A9430A1C1F9}
		{5D47EBA5-8307-433E-B9FA-600EFEE30DBF} = {5A033F0B-0D10-4C97-A265-5210821314AF}
		{89E58503-D22E-43CD-988F-0D4011A0FC23} = {5A033F0B-0D10-4C97-A265-5210821314AF}
		{1E028237-A36C-4E20-9E3A-87EDFFFDD463} = {5A033F0B-0D10-4C97-A265-5210821314AF}
		{B9E3F1B9-E176-491D-BFA1-10112C73C2F4} = {5D47EBA5-8307-433E-B9FA-600EFEE30DBF}
		{C8D63934-04EA-4C8E-851C-E87CF02E9454} = {89E58503-D22E-43CD-988F-0D4011A0FC23}
		{09F0449A-65A1-4C29-BF69-647572C40DBC} = {5D47EBA5-8307-433E-B9FA-600EFEE30DBF}
		{B6094192-89A5-4DFB-83C0-B0FB93BF5485} = {89E58503-D22E-43CD-988F-0D4011A0FC23}
		{5715617C-4294-4C75-AFE5-FC933BD26435} = {1E028237-A36C-4E20-9E3A-87EDFFFDD463}
		{0928BC02-3606-4C06-8744-976C05DE720D} = {1E028237-A36C-4E20-9E3A-87EDFFFDD463}
		{0A0AC5A4-97F7-4D0F-BC18-1AF08E9BCB11} = {1AA51D77-1FE9-4F02-8562-A00ADCFF047B}
		{6BA730B6-E57E-4FD3-A506-9F654C0F8915} = {1AA51D77-1FE9-4F02-8562-A00ADCFF047B}
		{B515ED92-CB55-45A4-81F7-64421A1A52BD} = {5A033F0B-0D10-4C97-A265-5210821314AF}
		{96E5C246-CA33-442E-82FD-BFCF141E1239} = {B515ED92-CB55-45A4-81F7-64421A1A52BD}
		{7AFD7D55-8CDB-452A-A26E-B8535AFACE86} = {74031A4C-3C55-4111-9232-0A9430A1C1F9}
	EndGlobalSection
	GlobalSection(ExtensibilityGlobals) = postSolution
		SolutionGuid = {E16AF0F7-6DE3-415D-84DE-6B95CA227269}
	EndGlobalSection
EndGlobal
